
Microsoft Visual Studio Solution File, Format Version 12.00
# Visual Studio Version 17
VisualStudioVersion = 17.5.33424.131
MinimumVisualStudioVersion = 10.0.40219.1
Project("{9A19103F-16F7-4668-BE54-9A1E7A4F7556}") = "ngay8", "ngay8\ngay8.csproj", "{5E27F737-3E29-4B62-B2B6-0EE90FE1507F}"
EndProject
Project("{9A19103F-16F7-4668-BE54-9A1E7A4F7556}") = "Service.Domain", "Service.Domain\Service.Domain.csproj", "{D3F8BF95-E79B-4ECB-92E2-AA81640D9119}"
EndProject
Project("{9A19103F-16F7-4668-BE54-9A1E7A4F7556}") = "Service.Application", "Service.Application\Service.Application.csproj", "{064710DB-C9A5-4BCE-9B77-B07301C84CD3}"
EndProject
Global
	GlobalSection(SolutionConfigurationPlatforms) = preSolution
		Debug|Any CPU = Debug|Any CPU
		Release|Any CPU = Release|Any CPU
	EndGlobalSection
	GlobalSection(ProjectConfigurationPlatforms) = postSolution
		{5E27F737-3E29-4B62-B2B6-0EE90FE1507F}.Debug|Any CPU.ActiveCfg = Debug|Any CPU
		{5E27F737-3E29-4B62-B2B6-0EE90FE1507F}.Debug|Any CPU.Build.0 = Debug|Any CPU
		{5E27F737-3E29-4B62-B2B6-0EE90FE1507F}.Release|Any CPU.ActiveCfg = Release|Any CPU
		{5E27F737-3E29-4B62-B2B6-0EE90FE1507F}.Release|Any CPU.Build.0 = Release|Any CPU
		{D3F8BF95-E79B-4ECB-92E2-AA81640D9119}.Debug|Any CPU.ActiveCfg = Debug|Any CPU
		{D3F8BF95-E79B-4ECB-92E2-AA81640D9119}.Debug|Any CPU.Build.0 = Debug|Any CPU
		{D3F8BF95-E79B-4ECB-92E2-AA81640D9119}.Release|Any CPU.ActiveCfg = Release|Any CPU
		{D3F8BF95-E79B-4ECB-92E2-AA81640D9119}.Release|Any CPU.Build.0 = Release|Any CPU
		{064710DB-C9A5-4BCE-9B77-B07301C84CD3}.Debug|Any CPU.ActiveCfg = Debug|Any CPU
		{064710DB-C9A5-4BCE-9B77-B07301C84CD3}.Debug|Any CPU.Build.0 = Debug|Any CPU
		{064710DB-C9A5-4BCE-9B77-B07301C84CD3}.Release|Any CPU.ActiveCfg = Release|Any CPU
		{064710DB-C9A5-4BCE-9B77-B07301C84CD3}.Release|Any CPU.Build.0 = Release|Any CPU
	EndGlobalSection
	GlobalSection(SolutionProperties) = preSolution
		HideSolutionNode = FALSE
	EndGlobalSection
	GlobalSection(ExtensibilityGlobals) = postSolution
		SolutionGuid = {AA4DB05F-0573-428B-B4F4-2816A14EBE7D}
	EndGlobalSection
EndGlobal
